
Microsoft Visual Studio Solution File, Format Version 12.00
# Visual Studio 15
VisualStudioVersion = 15.0.28307.271
MinimumVisualStudioVersion = 10.0.40219.1
Project("{FAE04EC0-301F-11D3-BF4B-00C04F79EFBC}") = "WebApplication1", "WebApplication1\WebApplication1.csproj", "{99DC6B23-9FD7-4398-8D24-60FBFB2BD114}"
EndProject
Global
	GlobalSection(SolutionConfigurationPlatforms) = preSolution
		Debug|Any CPU = Debug|Any CPU
		Release|Any CPU = Release|Any CPU
	EndGlobalSection
	GlobalSection(ProjectConfigurationPlatforms) = postSolution
		{99DC6B23-9FD7-4398-8D24-60FBFB2BD114}.Debug|Any CPU.ActiveCfg = Debug|Any CPU
		{99DC6B23-9FD7-4398-8D24-60FBFB2BD114}.Debug|Any CPU.Build.0 = Debug|Any CPU
		{99DC6B23-9FD7-4398-8D24-60FBFB2BD114}.Release|Any CPU.ActiveCfg = Release|Any CPU
		{99DC6B23-9FD7-4398-8D24-60FBFB2BD114}.Release|Any CPU.Build.0 = Release|Any CPU
	EndGlobalSection
	GlobalSection(SolutionProperties) = preSolution
		HideSolutionNode = FALSE
	EndGlobalSection
	GlobalSection(ExtensibilityGlobals) = postSolution
		SolutionGuid = {D5B1ADE4-DA47-4470-A669-9785C650CD0B}
	EndGlobalSection
EndGlobal
